
Microsoft Visual Studio Solution File, Format Version 12.00
# Visual Studio Version 16
VisualStudioVersion = 25.0.1706.3
MinimumVisualStudioVersion = 10.0.40219.1
Project("{FAE04EC0-301F-11D3-BF4B-00C04F79EFBC}") = "test", "test.csproj", "{F4EDF5EE-D86E-48AC-83E3-6C2DC0158C69}"
EndProject
Global
	GlobalSection(SolutionConfigurationPlatforms) = preSolution
		Debug|Any CPU = Debug|Any CPU
		Release|Any CPU = Release|Any CPU
	EndGlobalSection
	GlobalSection(ProjectConfigurationPlatforms) = postSolution
		{F4EDF5EE-D86E-48AC-83E3-6C2DC0158C69}.Debug|Any CPU.ActiveCfg = Debug|Any CPU
		{F4EDF5EE-D86E-48AC-83E3-6C2DC0158C69}.Debug|Any CPU.Build.0 = Debug|Any CPU
		{F4EDF5EE-D86E-48AC-83E3-6C2DC0158C69}.Release|Any CPU.ActiveCfg = Release|Any CPU
		{F4EDF5EE-D86E-48AC-83E3-6C2DC0158C69}.Release|Any CPU.Build.0 = Release|Any CPU
	EndGlobalSection
	GlobalSection(SolutionProperties) = preSolution
		HideSolutionNode = FALSE
	EndGlobalSection
	GlobalSection(ExtensibilityGlobals) = postSolution
		SolutionGuid = {0BFFD268-B111-4F23-81CC-57494F7114BE}
	EndGlobalSection
EndGlobal
